<Solution>
  <Folder Name="/Docs/">
    <File Path="Docs/KeyedCollection.md" />
    <File Path="Docs/ValueList.md" />
    <File Path="LICENSE" />
    <File Path="README.md" />
  </Folder>
  <Folder Name="/Solution Items/">
    <File Path=".editorconfig" />
    <File Path=".gitignore" />
    <File Path=".runsettings" />
  </Folder>
  <Project Path="K9M.Tests/K9M.Tests.csproj" />
  <Project Path="K9M/K9M.csproj" />
</Solution>
